
Microsoft Visual Studio Solution File, Format Version 12.00
# Visual Studio Version 17
VisualStudioVersion = 17.10.35122.118
MinimumVisualStudioVersion = 10.0.40219.1
Project("{9A19103F-16F7-4668-BE54-9A1E7A4F7556}") = "Web1", "Web1\Web1.csproj", "{74F8F21D-573E-44CA-A9A9-C68729620295}"
EndProject
Project("{E53339B2-1760-4266-BCC7-CA923CBCF16C}") = "docker-compose", "docker-compose.dcproj", "{1AA2ECE4-37BA-4542-ACB2-CB5956E86390}"
EndProject
Global
	GlobalSection(SolutionConfigurationPlatforms) = preSolution
		Debug|Any CPU = Debug|Any CPU
		Release|Any CPU = Release|Any CPU
	EndGlobalSection
	GlobalSection(ProjectConfigurationPlatforms) = postSolution
		{74F8F21D-573E-44CA-A9A9-C68729620295}.Debug|Any CPU.ActiveCfg = Debug|Any CPU
		{74F8F21D-573E-44CA-A9A9-C68729620295}.Debug|Any CPU.Build.0 = Debug|Any CPU
		{74F8F21D-573E-44CA-A9A9-C68729620295}.Release|Any CPU.ActiveCfg = Release|Any CPU
		{74F8F21D-573E-44CA-A9A9-C68729620295}.Release|Any CPU.Build.0 = Release|Any CPU
		{1AA2ECE4-37BA-4542-ACB2-CB5956E86390}.Debug|Any CPU.ActiveCfg = Debug|Any CPU
		{1AA2ECE4-37BA-4542-ACB2-CB5956E86390}.Debug|Any CPU.Build.0 = Debug|Any CPU
		{1AA2ECE4-37BA-4542-ACB2-CB5956E86390}.Release|Any CPU.ActiveCfg = Release|Any CPU
		{1AA2ECE4-37BA-4542-ACB2-CB5956E86390}.Release|Any CPU.Build.0 = Release|Any CPU
	EndGlobalSection
	GlobalSection(SolutionProperties) = preSolution
		HideSolutionNode = FALSE
	EndGlobalSection
	GlobalSection(ExtensibilityGlobals) = postSolution
		SolutionGuid = {3F665D2A-E1A0-41AD-BA90-FD11BB897CE3}
	EndGlobalSection
EndGlobal
